// !$*UTF8*$!
{
	archiveVersion = 1;
	classes = {
	};
	objectVersion = 77;
	objects = {

/* Begin PBXContainerItemProxy section */
		A483CB0F2D8F9F52000EBDBD /* PBXContainerItemProxy */ = {
			isa = PBXContainerItemProxy;
			containerPortal = A483CAF62D8F9F50000EBDBD /* Project object */;
			proxyType = 1;
			remoteGlobalIDString = A483CAFD2D8F9F50000EBDBD;
			remoteInfo = countey;
		};
		A483CB192D8F9F52000EBDBD /* PBXContainerItemProxy */ = {
			isa = PBXContainerItemProxy;
			containerPortal = A483CAF62D8F9F50000EBDBD /* Project object */;
			proxyType = 1;
			remoteGlobalIDString = A483CAFD2D8F9F50000EBDBD;
			remoteInfo = countey;
		};
/* End PBXContainerItemProxy section */

/* Begin PBXFileReference section */
		A483CAFE2D8F9F50000EBDBD /* countey.app */ = {isa = PBXFileReference; explicitFileType = wrapper.application; includeInIndex = 0; path = countey.app; sourceTree = BUILT_PRODUCTS_DIR; };
		A483CB0E2D8F9F52000EBDBD /* counteyTests.xctest */ = {isa = PBXFileReference; explicitFileType = wrapper.cfbundle; includeInIndex = 0; path = counteyTests.xctest; sourceTree = BUILT_PRODUCTS_DIR; };
		A483CB182D8F9F52000EBDBD /* counteyUITests.xctest */ = {isa = PBXFileReference; explicitFileType = wrapper.cfbundle; includeInIndex = 0; path = counteyUITests.xctest; sourceTree = BUILT_PRODUCTS_DIR; };
/* End PBXFileReference section */

/* Begin PBXFileSystemSynchronizedRootGroup section */
		A483CB002D8F9F50000EBDBD /* countey */ = {
			isa = PBXFileSystemSynchronizedRootGroup;
			path = countey;
			sourceTree = "<group>";
		};
		A483CB112D8F9F52000EBDBD /* counteyTests */ = {
			isa = PBXFileSystemSynchronizedRootGroup;
			path = counteyTests;
			sourceTree = "<group>";
		};
		A483CB1B2D8F9F52000EBDBD /* counteyUITests */ = {
			isa = PBXFileSystemSynchronizedRootGroup;
			path = counteyUITests;
			sourceTree = "<group>";
		};
/* End PBXFileSystemSynchronizedRootGroup section */

/* Begin PBXFrameworksBuildPhase section */
		A483CAFB2D8F9F50000EBDBD /* Frameworks */ = {
			isa = PBXFrameworksBuildPhase;
			buildActionMask = 2147483647;
			files = (
			);
			runOnlyForDeploymentPostprocessing = 0;
		};
		A483CB0B2D8F9F52000EBDBD /* Frameworks */ = {
			isa = PBXFrameworksBuildPhase;
			buildActionMask = 2147483647;
			files = (
			);
			runOnlyForDeploymentPostprocessing = 0;
		};
		A483CB152D8F9F52000EBDBD /* Frameworks */ = {
			isa = PBXFrameworksBuildPhase;
			buildActionMask = 2147483647;
			files = (
			);
			runOnlyForDeploymentPostprocessing = 0;
		};
/* End PBXFrameworksBuildPhase section */

/* Begin PBXGroup section */
		A483CAF52D8F9F50000EBDBD = {
			isa = PBXGroup;
			children = (
				A483CB002D8F9F50000EBDBD /* countey */,
				A483CB112D8F9F52000EBDBD /* counteyTests */,
				A483CB1B2D8F9F52000EBDBD /* counteyUITests */,
				A483CAFF2D8F9F50000EBDBD /* Products */,
			);
			sourceTree = "<group>";
		};
		A483CAFF2D8F9F50000EBDBD /* Products */ = {
			isa = PBXGroup;
			children = (
				A483CAFE2D8F9F50000EBDBD /* countey.app */,
				A483CB0E2D8F9F52000EBDBD /* counteyTests.xctest */,
				A483CB182D8F9F52000EBDBD /* counteyUITests.xctest */,
			);
			name = Products;
			sourceTree = "<group>";
		};
/* End PBXGroup section */

/* Begin PBXNativeTarget section */
		A483CAFD2D8F9F50000EBDBD /* countey */ = {
			isa = PBXNativeTarget;
			buildConfigurationList = A483CB222D8F9F52000EBDBD /* Build configuration list for PBXNativeTarget "countey" */;
			buildPhases = (
				A483CAFA2D8F9F50000EBDBD /* Sources */,
				A483CAFB2D8F9F50000EBDBD /* Frameworks */,
				A483CAFC2D8F9F50000EBDBD /* Resources */,
			);
			buildRules = (
			);
			dependencies = (
			);
			fileSystemSynchronizedGroups = (
				A483CB002D8F9F50000EBDBD /* countey */,
			);
			name = countey;
			packageProductDependencies = (
			);
			productName = countey;
			productReference = A483CAFE2D8F9F50000EBDBD /* countey.app */;
			productType = "com.apple.product-type.application";
		};
		A483CB0D2D8F9F52000EBDBD /* counteyTests */ = {
			isa = PBXNativeTarget;
			buildConfigurationList = A483CB252D8F9F52000EBDBD /* Build configuration list for PBXNativeTarget "counteyTests" */;
			buildPhases = (
				A483CB0A2D8F9F52000EBDBD /* Sources */,
				A483CB0B2D8F9F52000EBDBD /* Frameworks */,
				A483CB0C2D8F9F52000EBDBD /* Resources */,
			);
			buildRules = (
			);
			dependencies = (
				A483CB102D8F9F52000EBDBD /* PBXTargetDependency */,
			);
			fileSystemSynchronizedGroups = (
				A483CB112D8F9F52000EBDBD /* counteyTests */,
			);
			name = counteyTests;
			packageProductDependencies = (
			);
			productName = counteyTests;
			productReference = A483CB0E2D8F9F52000EBDBD /* counteyTests.xctest */;
			productType = "com.apple.product-type.bundle.unit-test";
		};
		A483CB172D8F9F52000EBDBD /* counteyUITests */ = {
			isa = PBXNativeTarget;
			buildConfigurationList = A483CB282D8F9F52000EBDBD /* Build configuration list for PBXNativeTarget "counteyUITests" */;
			buildPhases = (
				A483CB142D8F9F52000EBDBD /* Sources */,
				A483CB152D8F9F52000EBDBD /* Frameworks */,
				A483CB162D8F9F52000EBDBD /* Resources */,
			);
			buildRules = (
			);
			dependencies = (
				A483CB1A2D8F9F52000EBDBD /* PBXTargetDependency */,
			);
			fileSystemSynchronizedGroups = (
				A483CB1B2D8F9F52000EBDBD /* counteyUITests */,
			);
			name = counteyUITests;
			packageProductDependencies = (
			);
			productName = counteyUITests;
			productReference = A483CB182D8F9F52000EBDBD /* counteyUITests.xctest */;
			productType = "com.apple.product-type.bundle.ui-testing";
		};
/* End PBXNativeTarget section */

/* Begin PBXProject section */
		A483CAF62D8F9F50000EBDBD /* Project object */ = {
			isa = PBXProject;
			attributes = {
				BuildIndependentTargetsInParallel = 1;
				LastSwiftUpdateCheck = 1620;
				LastUpgradeCheck = 1620;
				TargetAttributes = {
					A483CAFD2D8F9F50000EBDBD = {
						CreatedOnToolsVersion = 16.2;
					};
					A483CB0D2D8F9F52000EBDBD = {
						CreatedOnToolsVersion = 16.2;
						TestTargetID = A483CAFD2D8F9F50000EBDBD;
					};
					A483CB172D8F9F52000EBDBD = {
						CreatedOnToolsVersion = 16.2;
						TestTargetID = A483CAFD2D8F9F50000EBDBD;
					};
				};
			};
			buildConfigurationList = A483CAF92D8F9F50000EBDBD /* Build configuration list for PBXProject "countey" */;
			developmentRegion = en;
			hasScannedForEncodings = 0;
			knownRegions = (
				en,
				Base,
			);
			mainGroup = A483CAF52D8F9F50000EBDBD;
			minimizedProjectReferenceProxies = 1;
			preferredProjectObjectVersion = 77;
			productRefGroup = A483CAFF2D8F9F50000EBDBD /* Products */;
			projectDirPath = "";
			projectRoot = "";
			targets = (
				A483CAFD2D8F9F50000EBDBD /* countey */,
				A483CB0D2D8F9F52000EBDBD /* counteyTests */,
				A483CB172D8F9F52000EBDBD /* counteyUITests */,
			);
		};
/* End PBXProject section */

/* Begin PBXResourcesBuildPhase section */
		A483CAFC2D8F9F50000EBDBD /* Resources */ = {
			isa = PBXResourcesBuildPhase;
			buildActionMask = 2147483647;
			files = (
			);
			runOnlyForDeploymentPostprocessing = 0;
		};
		A483CB0C2D8F9F52000EBDBD /* Resources */ = {
			isa = PBXResourcesBuildPhase;
			buildActionMask = 2147483647;
			files = (
			);
			runOnlyForDeploymentPostprocessing = 0;
		};
		A483CB162D8F9F52000EBDBD /* Resources */ = {
			isa = PBXResourcesBuildPhase;
			buildActionMask = 2147483647;
			files = (
			);
			runOnlyForDeploymentPostprocessing = 0;
		};
/* End PBXResourcesBuildPhase section */

/* Begin PBXSourcesBuildPhase section */
		A483CAFA2D8F9F50000EBDBD /* Sources */ = {
			isa = PBXSourcesBuildPhase;
			buildActionMask = 2147483647;
			files = (
			);
			runOnlyForDeploymentPostprocessing = 0;
		};
		A483CB0A2D8F9F52000EBDBD /* Sources */ = {
			isa = PBXSourcesBuildPhase;
			buildActionMask = 2147483647;
			files = (
			);
			runOnlyForDeploymentPostprocessing = 0;
		};
		A483CB142D8F9F52000EBDBD /* Sources */ = {
			isa = PBXSourcesBuildPhase;
			buildActionMask = 2147483647;
			files = (
			);
			runOnlyForDeploymentPostprocessing = 0;
		};
/* End PBXSourcesBuildPhase section */

/* Begin PBXTargetDependency section */
		A483CB102D8F9F52000EBDBD /* PBXTargetDependency */ = {
			isa = PBXTargetDependency;
			target = A483CAFD2D8F9F50000EBDBD /* countey */;
			targetProxy = A483CB0F2D8F9F52000EBDBD /* PBXContainerItemProxy */;
		};
		A483CB1A2D8F9F52000EBDBD /* PBXTargetDependency */ = {
			isa = PBXTargetDependency;
			target = A483CAFD2D8F9F50000EBDBD /* countey */;
			targetProxy = A483CB192D8F9F52000EBDBD /* PBXContainerItemProxy */;
		};
/* End PBXTargetDependency section */

/* Begin XCBuildConfiguration section */
		A483CB202D8F9F52000EBDBD /* Debug */ = {
			isa = XCBuildConfiguration;
			buildSettings = {
				ALWAYS_SEARCH_USER_PATHS = NO;
				ASSETCATALOG_COMPILER_GENERATE_SWIFT_ASSET_SYMBOL_EXTENSIONS = YES;
				CLANG_ANALYZER_NONNULL = YES;
				CLANG_ANALYZER_NUMBER_OBJECT_CONVERSION = YES_AGGRESSIVE;
				CLANG_CXX_LANGUAGE_STANDARD = "gnu++20";
				CLANG_ENABLE_MODULES = YES;
				CLANG_ENABLE_OBJC_ARC = YES;
				CLANG_ENABLE_OBJC_WEAK = YES;
				CLANG_WARN_BLOCK_CAPTURE_AUTORELEASING = YES;
				CLANG_WARN_BOOL_CONVERSION = YES;
				CLANG_WARN_COMMA = YES;
				CLANG_WARN_CONSTANT_CONVERSION = YES;
				CLANG_WARN_DEPRECATED_OBJC_IMPLEMENTATIONS = YES;
				CLANG_WARN_DIRECT_OBJC_ISA_USAGE = YES_ERROR;
				CLANG_WARN_DOCUMENTATION_COMMENTS = YES;
				CLANG_WARN_EMPTY_BODY = YES;
				CLANG_WARN_ENUM_CONVERSION = YES;
				CLANG_WARN_INFINITE_RECURSION = YES;
				CLANG_WARN_INT_CONVERSION = YES;
				CLANG_WARN_NON_LITERAL_NULL_CONVERSION = YES;
				CLANG_WARN_OBJC_IMPLICIT_RETAIN_SELF = YES;
				CLANG_WARN_OBJC_LITERAL_CONVERSION = YES;
				CLANG_WARN_OBJC_ROOT_CLASS = YES_ERROR;
				CLANG_WARN_QUOTED_INCLUDE_IN_FRAMEWORK_HEADER = YES;
				CLANG_WARN_RANGE_LOOP_ANALYSIS = YES;
				CLANG_WARN_STRICT_PROTOTYPES = YES;
				CLANG_WARN_SUSPICIOUS_MOVE = YES;
				CLANG_WARN_UNGUARDED_AVAILABILITY = YES_AGGRESSIVE;
				CLANG_WARN_UNREACHABLE_CODE = YES;
				CLANG_WARN__DUPLICATE_METHOD_MATCH = YES;
				COPY_PHASE_STRIP = NO;
				DEBUG_INFORMATION_FORMAT = dwarf;
				ENABLE_STRICT_OBJC_MSGSEND = YES;
				ENABLE_TESTABILITY = YES;
				ENABLE_USER_SCRIPT_SANDBOXING = YES;
				GCC_C_LANGUAGE_STANDARD = gnu17;
				GCC_DYNAMIC_NO_PIC = NO;
				GCC_NO_COMMON_BLOCKS = YES;
				GCC_OPTIMIZATION_LEVEL = 0;
				GCC_PREPROCESSOR_DEFINITIONS = (
					"DEBUG=1",
					"$(inherited)",
				);
				GCC_WARN_64_TO_32_BIT_CONVERSION = YES;
				GCC_WARN_ABOUT_RETURN_TYPE = YES_ERROR;
				GCC_WARN_UNDECLARED_SELECTOR = YES;
				GCC_WARN_UNINITIALIZED_AUTOS = YES_AGGRESSIVE;
				GCC_WARN_UNUSED_FUNCTION = YES;
				GCC_WARN_UNUSED_VARIABLE = YES;
				IPHONEOS_DEPLOYMENT_TARGET = 18.2;
				LOCALIZATION_PREFERS_STRING_CATALOGS = YES;
				MTL_ENABLE_DEBUG_INFO = INCLUDE_SOURCE;
				MTL_FAST_MATH = YES;
				ONLY_ACTIVE_ARCH = YES;
				SDKROOT = iphoneos;
				SWIFT_ACTIVE_COMPILATION_CONDITIONS = "DEBUG $(inherited)";
				SWIFT_OPTIMIZATION_LEVEL = "-Onone";
			};
			name = Debug;
		};
		A483CB212D8F9F52000EBDBD /* Release */ = {
			isa = XCBuildConfiguration;
			buildSettings = {
				ALWAYS_SEARCH_USER_PATHS = NO;
				ASSETCATALOG_COMPILER_GENERATE_SWIFT_ASSET_SYMBOL_EXTENSIONS = YES;
				CLANG_ANALYZER_NONNULL = YES;
				CLANG_ANALYZER_NUMBER_OBJECT_CONVERSION = YES_AGGRESSIVE;
				CLANG_CXX_LANGUAGE_STANDARD = "gnu++20";
				CLANG_ENABLE_MODULES = YES;
				CLANG_ENABLE_OBJC_ARC = YES;
				CLANG_ENABLE_OBJC_WEAK = YES;
				CLANG_WARN_BLOCK_CAPTURE_AUTORELEASING = YES;
				CLANG_WARN_BOOL_CONVERSION = YES;
				CLANG_WARN_COMMA = YES;
				CLANG_WARN_CONSTANT_CONVERSION = YES;
				CLANG_WARN_DEPRECATED_OBJC_IMPLEMENTATIONS = YES;
				CLANG_WARN_DIRECT_OBJC_ISA_USAGE = YES_ERROR;
				CLANG_WARN_DOCUMENTATION_COMMENTS = YES;
				CLANG_WARN_EMPTY_BODY = YES;
				CLANG_WARN_ENUM_CONVERSION = YES;
				CLANG_WARN_INFINITE_RECURSION = YES;
				CLANG_WARN_INT_CONVERSION = YES;
				CLANG_WARN_NON_LITERAL_NULL_CONVERSION = YES;
				CLANG_WARN_OBJC_IMPLICIT_RETAIN_SELF = YES;
				CLANG_WARN_OBJC_LITERAL_CONVERSION = YES;
				CLANG_WARN_OBJC_ROOT_CLASS = YES_ERROR;
				CLANG_WARN_QUOTED_INCLUDE_IN_FRAMEWORK_HEADER = YES;
				CLANG_WARN_RANGE_LOOP_ANALYSIS = YES;
				CLANG_WARN_STRICT_PROTOTYPES = YES;
				CLANG_WARN_SUSPICIOUS_MOVE = YES;
				CLANG_WARN_UNGUARDED_AVAILABILITY = YES_AGGRESSIVE;
				CLANG_WARN_UNREACHABLE_CODE = YES;
				CLANG_WARN__DUPLICATE_METHOD_MATCH = YES;
				COPY_PHASE_STRIP = NO;
				DEBUG_INFORMATION_FORMAT = "dwarf-with-dsym";
				ENABLE_NS_ASSERTIONS = NO;
				ENABLE_STRICT_OBJC_MSGSEND = YES;
				ENABLE_USER_SCRIPT_SANDBOXING = YES;
				GCC_C_LANGUAGE_STANDARD = gnu17;
				GCC_NO_COMMON_BLOCKS = YES;
				GCC_WARN_64_TO_32_BIT_CONVERSION = YES;
				GCC_WARN_ABOUT_RETURN_TYPE = YES_ERROR;
				GCC_WARN_UNDECLARED_SELECTOR = YES;
				GCC_WARN_UNINITIALIZED_AUTOS = YES_AGGRESSIVE;
				GCC_WARN_UNUSED_FUNCTION = YES;
				GCC_WARN_UNUSED_VARIABLE = YES;
				IPHONEOS_DEPLOYMENT_TARGET = 18.2;
				LOCALIZATION_PREFERS_STRING_CATALOGS = YES;
				MTL_ENABLE_DEBUG_INFO = NO;
				MTL_FAST_MATH = YES;
				SDKROOT = iphoneos;
				SWIFT_COMPILATION_MODE = wholemodule;
				VALIDATE_PRODUCT = YES;
			};
			name = Release;
		};
		A483CB232D8F9F52000EBDBD /* Debug */ = {
			isa = XCBuildConfiguration;
			buildSettings = {
				ASSETCATALOG_COMPILER_APPICON_NAME = AppIcon;
				ASSETCATALOG_COMPILER_GLOBAL_ACCENT_COLOR_NAME = AccentColor;
				CODE_SIGN_STYLE = Automatic;
				CURRENT_PROJECT_VERSION = 1;
				DEVELOPMENT_ASSET_PATHS = "\"countey/Preview Content\"";
				ENABLE_PREVIEWS = YES;
				GENERATE_INFOPLIST_FILE = YES;
				INFOPLIST_KEY_UIApplicationSceneManifest_Generation = YES;
				INFOPLIST_KEY_UIApplicationSupportsIndirectInputEvents = YES;
				INFOPLIST_KEY_UILaunchScreen_Generation = YES;
				INFOPLIST_KEY_UISupportedInterfaceOrientations_iPad = "UIInterfaceOrientationPortrait UIInterfaceOrientationPortraitUpsideDown UIInterfaceOrientationLandscapeLeft UIInterfaceOrientationLandscapeRight";
				INFOPLIST_KEY_UISupportedInterfaceOrientations_iPhone = "UIInterfaceOrientationPortrait UIInterfaceOrientationLandscapeLeft UIInterfaceOrientationLandscapeRight";
				LD_RUNPATH_SEARCH_PATHS = (
					"$(inherited)",
					"@executable_path/Frameworks",
				);
				MARKETING_VERSION = 1.0;
				PRODUCT_BUNDLE_IDENTIFIER = "App-Team-Carolina.countey";
				PRODUCT_NAME = "$(TARGET_NAME)";
				SWIFT_EMIT_LOC_STRINGS = YES;
				SWIFT_VERSION = 5.0;
				TARGETED_DEVICE_FAMILY = "1,2";
			};
			name = Debug;
		};
		A483CB242D8F9F52000EBDBD /* Release */ = {
			isa = XCBuildConfiguration;
			buildSettings = {
				ASSETCATALOG_COMPILER_APPICON_NAME = AppIcon;
				ASSETCATALOG_COMPILER_GLOBAL_ACCENT_COLOR_NAME = AccentColor;
				CODE_SIGN_STYLE = Automatic;
				CURRENT_PROJECT_VERSION = 1;
				DEVELOPMENT_ASSET_PATHS = "\"countey/Preview Content\"";
				ENABLE_PREVIEWS = YES;
				GENERATE_INFOPLIST_FILE = YES;
				INFOPLIST_KEY_UIApplicationSceneManifest_Generation = YES;
				INFOPLIST_KEY_UIApplicationSupportsIndirectInputEvents = YES;
				INFOPLIST_KEY_UILaunchScreen_Generation = YES;
				INFOPLIST_KEY_UISupportedInterfaceOrientations_iPad = "UIInterfaceOrientationPortrait UIInterfaceOrientationPortraitUpsideDown UIInterfaceOrientationLandscapeLeft UIInterfaceOrientationLandscapeRight";
				INFOPLIST_KEY_UISupportedInterfaceOrientations_iPhone = "UIInterfaceOrientationPortrait UIInterfaceOrientationLandscapeLeft UIInterfaceOrientationLandscapeRight";
				LD_RUNPATH_SEARCH_PATHS = (
					"$(inherited)",
					"@executable_path/Frameworks",
				);
				MARKETING_VERSION = 1.0;
				PRODUCT_BUNDLE_IDENTIFIER = "App-Team-Carolina.countey";
				PRODUCT_NAME = "$(TARGET_NAME)";
				SWIFT_EMIT_LOC_STRINGS = YES;
				SWIFT_VERSION = 5.0;
				TARGETED_DEVICE_FAMILY = "1,2";
			};
			name = Release;
		};
		A483CB262D8F9F52000EBDBD /* Debug */ = {
			isa = XCBuildConfiguration;
			buildSettings = {
				BUNDLE_LOADER = "$(TEST_HOST)";
				CODE_SIGN_STYLE = Automatic;
				CURRENT_PROJECT_VERSION = 1;
				GENERATE_INFOPLIST_FILE = YES;
				IPHONEOS_DEPLOYMENT_TARGET = 18.2;
				MARKETING_VERSION = 1.0;
				PRODUCT_BUNDLE_IDENTIFIER = "App-Team-Carolina.counteyTests";
				PRODUCT_NAME = "$(TARGET_NAME)";
				SWIFT_EMIT_LOC_STRINGS = NO;
				SWIFT_VERSION = 5.0;
				TARGETED_DEVICE_FAMILY = "1,2";
				TEST_HOST = "$(BUILT_PRODUCTS_DIR)/countey.app/$(BUNDLE_EXECUTABLE_FOLDER_PATH)/countey";
			};
			name = Debug;
		};
		A483CB272D8F9F52000EBDBD /* Release */ = {
			isa = XCBuildConfiguration;
			buildSettings = {
				BUNDLE_LOADER = "$(TEST_HOST)";
				CODE_SIGN_STYLE = Automatic;
				CURRENT_PROJECT_VERSION = 1;
				GENERATE_INFOPLIST_FILE = YES;
				IPHONEOS_DEPLOYMENT_TARGET = 18.2;
				MARKETING_VERSION = 1.0;
				PRODUCT_BUNDLE_IDENTIFIER = "App-Team-Carolina.counteyTests";
				PRODUCT_NAME = "$(TARGET_NAME)";
				SWIFT_EMIT_LOC_STRINGS = NO;
				SWIFT_VERSION = 5.0;
				TARGETED_DEVICE_FAMILY = "1,2";
				TEST_HOST = "$(BUILT_PRODUCTS_DIR)/countey.app/$(BUNDLE_EXECUTABLE_FOLDER_PATH)/countey";
			};
			name = Release;
		};
		A483CB292D8F9F52000EBDBD /* Debug */ = {
			isa = XCBuildConfiguration;
			buildSettings = {
				CODE_SIGN_STYLE = Automatic;
				CURRENT_PROJECT_VERSION = 1;
				GENERATE_INFOPLIST_FILE = YES;
				MARKETING_VERSION = 1.0;
				PRODUCT_BUNDLE_IDENTIFIER = "App-Team-Carolina.counteyUITests";
				PRODUCT_NAME = "$(TARGET_NAME)";
				SWIFT_EMIT_LOC_STRINGS = NO;
				SWIFT_VERSION = 5.0;
				TARGETED_DEVICE_FAMILY = "1,2";
				TEST_TARGET_NAME = countey;
			};
			name = Debug;
		};
		A483CB2A2D8F9F52000EBDBD /* Release */ = {
			isa = XCBuildConfiguration;
			buildSettings = {
				CODE_SIGN_STYLE = Automatic;
				CURRENT_PROJECT_VERSION = 1;
				GENERATE_INFOPLIST_FILE = YES;
				MARKETING_VERSION = 1.0;
				PRODUCT_BUNDLE_IDENTIFIER = "App-Team-Carolina.counteyUITests";
				PRODUCT_NAME = "$(TARGET_NAME)";
				SWIFT_EMIT_LOC_STRINGS = NO;
				SWIFT_VERSION = 5.0;
				TARGETED_DEVICE_FAMILY = "1,2";
				TEST_TARGET_NAME = countey;
			};
			name = Release;
		};
/* End XCBuildConfiguration section */

/* Begin XCConfigurationList section */
		A483CAF92D8F9F50000EBDBD /* Build configuration list for PBXProject "countey" */ = {
			isa = XCConfigurationList;
			buildConfigurations = (
				A483CB202D8F9F52000EBDBD /* Debug */,
				A483CB212D8F9F52000EBDBD /* Release */,
			);
			defaultConfigurationIsVisible = 0;
			defaultConfigurationName = Release;
		};
		A483CB222D8F9F52000EBDBD /* Build configuration list for PBXNativeTarget "countey" */ = {
			isa = XCConfigurationList;
			buildConfigurations = (
				A483CB232D8F9F52000EBDBD /* Debug */,
				A483CB242D8F9F52000EBDBD /* Release */,
			);
			defaultConfigurationIsVisible = 0;
			defaultConfigurationName = Release;
		};
		A483CB252D8F9F52000EBDBD /* Build configuration list for PBXNativeTarget "counteyTests" */ = {
			isa = XCConfigurationList;
			buildConfigurations = (
				A483CB262D8F9F52000EBDBD /* Debug */,
				A483CB272D8F9F52000EBDBD /* Release */,
			);
			defaultConfigurationIsVisible = 0;
			defaultConfigurationName = Release;
		};
		A483CB282D8F9F52000EBDBD /* Build configuration list for PBXNativeTarget "counteyUITests" */ = {
			isa = XCConfigurationList;
			buildConfigurations = (
				A483CB292D8F9F52000EBDBD /* Debug */,
				A483CB2A2D8F9F52000EBDBD /* Release */,
			);
			defaultConfigurationIsVisible = 0;
			defaultConfigurationName = Release;
		};
/* End XCConfigurationList section */
	};
	rootObject = A483CAF62D8F9F50000EBDBD /* Project object */;
}
